// !$*UTF8*$!
{
	archiveVersion = 1;
	classes = {
	};
	objectVersion = 50;
	objects = {

/* Begin PBXBuildFile section */
		9A21DB7A22259B29004E6637 /* ResultsViewController.swift in Sources */ = {isa = PBXBuildFile; fileRef = 9A21DB7822259B29004E6637 /* ResultsViewController.swift */; };
		9A2768FD22208C5200166AFF /* AppDelegate.swift in Sources */ = {isa = PBXBuildFile; fileRef = 9A2768FC22208C5200166AFF /* AppDelegate.swift */; };
		9A2768FF22208C5200166AFF /* MainViewController.swift in Sources */ = {isa = PBXBuildFile; fileRef = 9A2768FE22208C5200166AFF /* MainViewController.swift */; };
		9A27690222208C5200166AFF /* Main.storyboard in Resources */ = {isa = PBXBuildFile; fileRef = 9A27690022208C5200166AFF /* Main.storyboard */; };
		9A27690422208C5600166AFF /* Assets.xcassets in Resources */ = {isa = PBXBuildFile; fileRef = 9A27690322208C5600166AFF /* Assets.xcassets */; };
		9A27690722208C5600166AFF /* LaunchScreen.storyboard in Resources */ = {isa = PBXBuildFile; fileRef = 9A27690522208C5600166AFF /* LaunchScreen.storyboard */; };
		9AF07426222482E2004222AD /* InputFormView.xib in Resources */ = {isa = PBXBuildFile; fileRef = 9AF07425222482E2004222AD /* InputFormView.xib */; };
		9AF07428222483FE004222AD /* InputFormView.swift in Sources */ = {isa = PBXBuildFile; fileRef = 9AF07427222483FE004222AD /* InputFormView.swift */; };
/* End PBXBuildFile section */

/* Begin PBXFileReference section */
		9A21DB7822259B29004E6637 /* ResultsViewController.swift */ = {isa = PBXFileReference; lastKnownFileType = sourcecode.swift; path = ResultsViewController.swift; sourceTree = "<group>"; };
		9A2768F922208C5200166AFF /* 401kalculator.app */ = {isa = PBXFileReference; explicitFileType = wrapper.application; includeInIndex = 0; path = 401kalculator.app; sourceTree = BUILT_PRODUCTS_DIR; };
		9A2768FC22208C5200166AFF /* AppDelegate.swift */ = {isa = PBXFileReference; lastKnownFileType = sourcecode.swift; path = AppDelegate.swift; sourceTree = "<group>"; };
		9A2768FE22208C5200166AFF /* MainViewController.swift */ = {isa = PBXFileReference; lastKnownFileType = sourcecode.swift; path = MainViewController.swift; sourceTree = "<group>"; };
		9A27690122208C5200166AFF /* Base */ = {isa = PBXFileReference; lastKnownFileType = file.storyboard; name = Base; path = Base.lproj/Main.storyboard; sourceTree = "<group>"; };
		9A27690322208C5600166AFF /* Assets.xcassets */ = {isa = PBXFileReference; lastKnownFileType = folder.assetcatalog; path = Assets.xcassets; sourceTree = "<group>"; };
		9A27690622208C5600166AFF /* Base */ = {isa = PBXFileReference; lastKnownFileType = file.storyboard; name = Base; path = Base.lproj/LaunchScreen.storyboard; sourceTree = "<group>"; };
		9A27690822208C5600166AFF /* Info.plist */ = {isa = PBXFileReference; lastKnownFileType = text.plist.xml; path = Info.plist; sourceTree = "<group>"; };
		9AF07425222482E2004222AD /* InputFormView.xib */ = {isa = PBXFileReference; lastKnownFileType = file.xib; path = InputFormView.xib; sourceTree = "<group>"; };
		9AF07427222483FE004222AD /* InputFormView.swift */ = {isa = PBXFileReference; lastKnownFileType = sourcecode.swift; path = InputFormView.swift; sourceTree = "<group>"; };
/* End PBXFileReference section */

/* Begin PBXFrameworksBuildPhase section */
		9A2768F622208C5200166AFF /* Frameworks */ = {
			isa = PBXFrameworksBuildPhase;
			buildActionMask = 2147483647;
			files = (
			);
			runOnlyForDeploymentPostprocessing = 0;
		};
/* End PBXFrameworksBuildPhase section */

/* Begin PBXGroup section */
		9A2768F022208C5200166AFF = {
			isa = PBXGroup;
			children = (
				9A2768FB22208C5200166AFF /* 401kalculator */,
				9A2768FA22208C5200166AFF /* Products */,
			);
			sourceTree = "<group>";
		};
		9A2768FA22208C5200166AFF /* Products */ = {
			isa = PBXGroup;
			children = (
				9A2768F922208C5200166AFF /* 401kalculator.app */,
			);
			name = Products;
			sourceTree = "<group>";
		};
		9A2768FB22208C5200166AFF /* 401kalculator */ = {
			isa = PBXGroup;
			children = (
				9A2768FC22208C5200166AFF /* AppDelegate.swift */,
				9A2768FE22208C5200166AFF /* MainViewController.swift */,
				9A27690022208C5200166AFF /* Main.storyboard */,
				9A27690322208C5600166AFF /* Assets.xcassets */,
				9A27690522208C5600166AFF /* LaunchScreen.storyboard */,
				9A27690822208C5600166AFF /* Info.plist */,
				9AF07425222482E2004222AD /* InputFormView.xib */,
				9AF07427222483FE004222AD /* InputFormView.swift */,
				9A21DB7822259B29004E6637 /* ResultsViewController.swift */,
			);
			path = 401kalculator;
			sourceTree = "<group>";
		};
/* End PBXGroup section */

/* Begin PBXNativeTarget section */
		9A2768F822208C5200166AFF /* 401kalculator */ = {
			isa = PBXNativeTarget;
			buildConfigurationList = 9A27690B22208C5600166AFF /* Build configuration list for PBXNativeTarget "401kalculator" */;
			buildPhases = (
				9A2768F522208C5200166AFF /* Sources */,
				9A2768F622208C5200166AFF /* Frameworks */,
				9A2768F722208C5200166AFF /* Resources */,
			);
			buildRules = (
			);
			dependencies = (
			);
			name = 401kalculator;
			productName = 401kalculator;
			productReference = 9A2768F922208C5200166AFF /* 401kalculator.app */;
			productType = "com.apple.product-type.application";
		};
/* End PBXNativeTarget section */

/* Begin PBXProject section */
		9A2768F122208C5200166AFF /* Project object */ = {
			isa = PBXProject;
			attributes = {
				LastSwiftUpdateCheck = 1010;
				LastUpgradeCheck = 1010;
				ORGANIZATIONNAME = BottleRocket;
				TargetAttributes = {
					9A2768F822208C5200166AFF = {
						CreatedOnToolsVersion = 10.1;
					};
				};
			};
			buildConfigurationList = 9A2768F422208C5200166AFF /* Build configuration list for PBXProject "401kalculator" */;
			compatibilityVersion = "Xcode 9.3";
			developmentRegion = en;
			hasScannedForEncodings = 0;
			knownRegions = (
				en,
				Base,
			);
			mainGroup = 9A2768F022208C5200166AFF;
			productRefGroup = 9A2768FA22208C5200166AFF /* Products */;
			projectDirPath = "";
			projectRoot = "";
			targets = (
				9A2768F822208C5200166AFF /* 401kalculator */,
			);
		};
/* End PBXProject section */

/* Begin PBXResourcesBuildPhase section */
		9A2768F722208C5200166AFF /* Resources */ = {
			isa = PBXResourcesBuildPhase;
			buildActionMask = 2147483647;
			files = (
				9A27690722208C5600166AFF /* LaunchScreen.storyboard in Resources */,
				9AF07426222482E2004222AD /* InputFormView.xib in Resources */,
				9A27690422208C5600166AFF /* Assets.xcassets in Resources */,
				9A27690222208C5200166AFF /* Main.storyboard in Resources */,
			);
			runOnlyForDeploymentPostprocessing = 0;
		};
/* End PBXResourcesBuildPhase section */

/* Begin PBXSourcesBuildPhase section */
		9A2768F522208C5200166AFF /* Sources */ = {
			isa = PBXSourcesBuildPhase;
			buildActionMask = 2147483647;
			files = (
				9A2768FF22208C5200166AFF /* MainViewController.swift in Sources */,
				9A2768FD22208C5200166AFF /* AppDelegate.swift in Sources */,
				9AF07428222483FE004222AD /* InputFormView.swift in Sources */,
				9A21DB7A22259B29004E6637 /* ResultsViewController.swift in Sources */,
			);
			runOnlyForDeploymentPostprocessing = 0;
		};
/* End PBXSourcesBuildPhase section */

/* Begin PBXVariantGroup section */
		9A27690022208C5200166AFF /* Main.storyboard */ = {
			isa = PBXVariantGroup;
			children = (
				9A27690122208C5200166AFF /* Base */,
			);
			name = Main.storyboard;
			sourceTree = "<group>";
		};
		9A27690522208C5600166AFF /* LaunchScreen.storyboard */ = {
			isa = PBXVariantGroup;
			children = (
				9A27690622208C5600166AFF /* Base */,
			);
			name = LaunchScreen.storyboard;
			sourceTree = "<group>";
		};
/* End PBXVariantGroup section */

/* Begin XCBuildConfiguration section */
		9A27690922208C5600166AFF /* Debug */ = {
			isa = XCBuildConfiguration;
			buildSettings = {
				ALWAYS_SEARCH_USER_PATHS = NO;
				CLANG_ANALYZER_NONNULL = YES;
				CLANG_ANALYZER_NUMBER_OBJECT_CONVERSION = YES_AGGRESSIVE;
				CLANG_CXX_LANGUAGE_STANDARD = "gnu++14";
				CLANG_CXX_LIBRARY = "libc++";
				CLANG_ENABLE_MODULES = YES;
				CLANG_ENABLE_OBJC_ARC = YES;
				CLANG_ENABLE_OBJC_WEAK = YES;
				CLANG_WARN_BLOCK_CAPTURE_AUTORELEASING = YES;
				CLANG_WARN_BOOL_CONVERSION = YES;
				CLANG_WARN_COMMA = YES;
				CLANG_WARN_CONSTANT_CONVERSION = YES;
				CLANG_WARN_DEPRECATED_OBJC_IMPLEMENTATIONS = YES;
				CLANG_WARN_DIRECT_OBJC_ISA_USAGE = YES_ERROR;
				CLANG_WARN_DOCUMENTATION_COMMENTS = YES;
				CLANG_WARN_EMPTY_BODY = YES;
				CLANG_WARN_ENUM_CONVERSION = YES;
				CLANG_WARN_INFINITE_RECURSION = YES;
				CLANG_WARN_INT_CONVERSION = YES;
				CLANG_WARN_NON_LITERAL_NULL_CONVERSION = YES;
				CLANG_WARN_OBJC_IMPLICIT_RETAIN_SELF = YES;
				CLANG_WARN_OBJC_LITERAL_CONVERSION = YES;
				CLANG_WARN_OBJC_ROOT_CLASS = YES_ERROR;
				CLANG_WARN_RANGE_LOOP_ANALYSIS = YES;
				CLANG_WARN_STRICT_PROTOTYPES = YES;
				CLANG_WARN_SUSPICIOUS_MOVE = YES;
				CLANG_WARN_UNGUARDED_AVAILABILITY = YES_AGGRESSIVE;
				CLANG_WARN_UNREACHABLE_CODE = YES;
				CLANG_WARN__DUPLICATE_METHOD_MATCH = YES;
				CODE_SIGN_IDENTITY = "iPhone Developer";
				COPY_PHASE_STRIP = NO;
				DEBUG_INFORMATION_FORMAT = dwarf;
				ENABLE_STRICT_OBJC_MSGSEND = YES;
				ENABLE_TESTABILITY = YES;
				GCC_C_LANGUAGE_STANDARD = gnu11;
				GCC_DYNAMIC_NO_PIC = NO;
				GCC_NO_COMMON_BLOCKS = YES;
				GCC_OPTIMIZATION_LEVEL = 0;
				GCC_PREPROCESSOR_DEFINITIONS = (
					"DEBUG=1",
					"$(inherited)",
				);
				GCC_WARN_64_TO_32_BIT_CONVERSION = YES;
				GCC_WARN_ABOUT_RETURN_TYPE = YES_ERROR;
				GCC_WARN_UNDECLARED_SELECTOR = YES;
				GCC_WARN_UNINITIALIZED_AUTOS = YES_AGGRESSIVE;
				GCC_WARN_UNUSED_FUNCTION = YES;
				GCC_WARN_UNUSED_VARIABLE = YES;
				IPHONEOS_DEPLOYMENT_TARGET = 12.1;
				MTL_ENABLE_DEBUG_INFO = INCLUDE_SOURCE;
				MTL_FAST_MATH = YES;
				ONLY_ACTIVE_ARCH = YES;
				SDKROOT = iphoneos;
				SWIFT_ACTIVE_COMPILATION_CONDITIONS = DEBUG;
				SWIFT_OPTIMIZATION_LEVEL = "-Onone";
			};
			name = Debug;
		};
		9A27690A22208C5600166AFF /* Release */ = {
			isa = XCBuildConfiguration;
			buildSettings = {
				ALWAYS_SEARCH_USER_PATHS = NO;
				CLANG_ANALYZER_NONNULL = YES;
				CLANG_ANALYZER_NUMBER_OBJECT_CONVERSION = YES_AGGRESSIVE;
				CLANG_CXX_LANGUAGE_STANDARD = "gnu++14";
				CLANG_CXX_LIBRARY = "libc++";
				CLANG_ENABLE_MODULES = YES;
				CLANG_ENABLE_OBJC_ARC = YES;
				CLANG_ENABLE_OBJC_WEAK = YES;
				CLANG_WARN_BLOCK_CAPTURE_AUTORELEASING = YES;
				CLANG_WARN_BOOL_CONVERSION = YES;
				CLANG_WARN_COMMA = YES;
				CLANG_WARN_CONSTANT_CONVERSION = YES;
				CLANG_WARN_DEPRECATED_OBJC_IMPLEMENTATIONS = YES;
				CLANG_WARN_DIRECT_OBJC_ISA_USAGE = YES_ERROR;
				CLANG_WARN_DOCUMENTATION_COMMENTS = YES;
				CLANG_WARN_EMPTY_BODY = YES;
				CLANG_WARN_ENUM_CONVERSION = YES;
				CLANG_WARN_INFINITE_RECURSION = YES;
				CLANG_WARN_INT_CONVERSION = YES;
				CLANG_WARN_NON_LITERAL_NULL_CONVERSION = YES;
				CLANG_WARN_OBJC_IMPLICIT_RETAIN_SELF = YES;
				CLANG_WARN_OBJC_LITERAL_CONVERSION = YES;
				CLANG_WARN_OBJC_ROOT_CLASS = YES_ERROR;
				CLANG_WARN_RANGE_LOOP_ANALYSIS = YES;
				CLANG_WARN_STRICT_PROTOTYPES = YES;
				CLANG_WARN_SUSPICIOUS_MOVE = YES;
				CLANG_WARN_UNGUARDED_AVAILABILITY = YES_AGGRESSIVE;
				CLANG_WARN_UNREACHABLE_CODE = YES;
				CLANG_WARN__DUPLICATE_METHOD_MATCH = YES;
				CODE_SIGN_IDENTITY = "iPhone Developer";
				COPY_PHASE_STRIP = NO;
				DEBUG_INFORMATION_FORMAT = "dwarf-with-dsym";
				ENABLE_NS_ASSERTIONS = NO;
				ENABLE_STRICT_OBJC_MSGSEND = YES;
				GCC_C_LANGUAGE_STANDARD = gnu11;
				GCC_NO_COMMON_BLOCKS = YES;
				GCC_WARN_64_TO_32_BIT_CONVERSION = YES;
				GCC_WARN_ABOUT_RETURN_TYPE = YES_ERROR;
				GCC_WARN_UNDECLARED_SELECTOR = YES;
				GCC_WARN_UNINITIALIZED_AUTOS = YES_AGGRESSIVE;
				GCC_WARN_UNUSED_FUNCTION = YES;
				GCC_WARN_UNUSED_VARIABLE = YES;
				IPHONEOS_DEPLOYMENT_TARGET = 12.1;
				MTL_ENABLE_DEBUG_INFO = NO;
				MTL_FAST_MATH = YES;
				SDKROOT = iphoneos;
				SWIFT_COMPILATION_MODE = wholemodule;
				SWIFT_OPTIMIZATION_LEVEL = "-O";
				VALIDATE_PRODUCT = YES;
			};
			name = Release;
		};
		9A27690C22208C5600166AFF /* Debug */ = {
			isa = XCBuildConfiguration;
			buildSettings = {
				ASSETCATALOG_COMPILER_APPICON_NAME = AppIcon;
				CODE_SIGN_IDENTITY = "iPhone Developer";
				CODE_SIGN_STYLE = Automatic;
				DEVELOPMENT_TEAM = 239Q948JJT;
				INFOPLIST_FILE = 401kalculator/Info.plist;
				LD_RUNPATH_SEARCH_PATHS = (
					"$(inherited)",
					"@executable_path/Frameworks",
				);
				PRODUCT_BUNDLE_IDENTIFIER = "com.kylebrennan.-01kalculator";
				PRODUCT_NAME = "$(TARGET_NAME)";
				PROVISIONING_PROFILE_SPECIFIER = "";
				SWIFT_VERSION = 4.2;
				TARGETED_DEVICE_FAMILY = "1,2";
			};
			name = Debug;
		};
		9A27690D22208C5600166AFF /* Release */ = {
			isa = XCBuildConfiguration;
			buildSettings = {
				ASSETCATALOG_COMPILER_APPICON_NAME = AppIcon;
				CODE_SIGN_IDENTITY = "iPhone Developer";
				CODE_SIGN_STYLE = Automatic;
				DEVELOPMENT_TEAM = 239Q948JJT;
				INFOPLIST_FILE = 401kalculator/Info.plist;
				LD_RUNPATH_SEARCH_PATHS = (
					"$(inherited)",
					"@executable_path/Frameworks",
				);
				PRODUCT_BUNDLE_IDENTIFIER = "com.kylebrennan.-01kalculator";
				PRODUCT_NAME = "$(TARGET_NAME)";
				PROVISIONING_PROFILE_SPECIFIER = "";
				SWIFT_VERSION = 4.2;
				TARGETED_DEVICE_FAMILY = "1,2";
			};
			name = Release;
		};
/* End XCBuildConfiguration section */

/* Begin XCConfigurationList section */
		9A2768F422208C5200166AFF /* Build configuration list for PBXProject "401kalculator" */ = {
			isa = XCConfigurationList;
			buildConfigurations = (
				9A27690922208C5600166AFF /* Debug */,
				9A27690A22208C5600166AFF /* Release */,
			);
			defaultConfigurationIsVisible = 0;
			defaultConfigurationName = Release;
		};
		9A27690B22208C5600166AFF /* Build configuration list for PBXNativeTarget "401kalculator" */ = {
			isa = XCConfigurationList;
			buildConfigurations = (
				9A27690C22208C5600166AFF /* Debug */,
				9A27690D22208C5600166AFF /* Release */,
			);
			defaultConfigurationIsVisible = 0;
			defaultConfigurationName = Release;
		};
/* End XCConfigurationList section */
	};
	rootObject = 9A2768F122208C5200166AFF /* Project object */;
}
